# This file is @generated by PDM.
# It is not intended for manual editing.

[metadata]
groups = ["default", "install"]
strategy = ["cross_platform"]
lock_version = "4.4"
content_hash = "sha256:0f18828612291f281fbd2e3c247b5c5aa628d5a503d00a5d5c448b216fdbb53f"

[[package]]
name = "importlib-resources"
version = "6.1.1"
requires_python = ">=3.8"
summary = "Read resources from Python packages"
dependencies = [
    "zipp>=3.1.0; python_version < \"3.10\"",
]
files = [
    {file = "importlib_resources-6.1.1-py3-none-any.whl", hash = "sha256:e8bf90d8213b486f428c9c39714b920041cb02c184686a3dee24905aaa8105d6"},
    {file = "importlib_resources-6.1.1.tar.gz", hash = "sha256:3893a00122eafde6894c59914446a512f728a0c1a45f9bb9b63721b6bacf0b4a"},
]

[[package]]
name = "packaging"
version = "23.2"
requires_python = ">=3.7"
summary = "Core utilities for Python packages"
files = [
    {file = "packaging-23.2-py3-none-any.whl", hash = "sha256:8c491190033a9af7e1d931d0b5dacc2ef47509b34dd0de67ed209b5203fc88c7"},
    {file = "packaging-23.2.tar.gz", hash = "sha256:048fb0e9405036518eaaf48a55953c750c11e1a1b68e0dd1a9d62ed0c092cfc5"},
]

[[package]]
name = "platformdirs"
version = "3.11.0"
requires_python = ">=3.7"
summary = "A small Python package for determining appropriate platform-specific dirs, e.g. a \"user data dir\"."
files = [
    {file = "platformdirs-3.11.0-py3-none-any.whl", hash = "sha256:e9d171d00af68be50e9202731309c4e658fd8bc76f55c11c7dd760d023bda68e"},
    {file = "platformdirs-3.11.0.tar.gz", hash = "sha256:cf8ee52a3afdb965072dcc652433e0c7e3e40cf5ea1477cd4b3b1d2eb75495b3"},
]

[[package]]
name = "setuptools"
version = "69.0.3"
requires_python = ">=3.8"
summary = "Easily download, build, install, upgrade, and uninstall Python packages"
files = [
    {file = "setuptools-69.0.3-py3-none-any.whl", hash = "sha256:385eb4edd9c9d5c17540511303e39a147ce2fc04bc55289c322b9e5904fe2c05"},
    {file = "setuptools-69.0.3.tar.gz", hash = "sha256:be1af57fc409f93647f2e8e4573a142ed38724b8cdd389706a867bb4efcf1e78"},
]

[[package]]
name = "setuptools-scm"
version = "8.0.4"
requires_python = ">=3.8"
summary = "the blessed package to manage your versions by scm tags"
dependencies = [
    "packaging>=20",
    "setuptools",
    "tomli>=1; python_version < \"3.11\"",
    "typing-extensions",
]
files = [
    {file = "setuptools-scm-8.0.4.tar.gz", hash = "sha256:b5f43ff6800669595193fd09891564ee9d1d7dcb196cab4b2506d53a2e1c95c7"},
    {file = "setuptools_scm-8.0.4-py3-none-any.whl", hash = "sha256:b47844cd2a84b83b3187a5782c71128c28b4c94cad8bfb871da2784a5cb54c4f"},
]

[[package]]
name = "tomli"
version = "2.0.1"
requires_python = ">=3.7"
summary = "A lil' TOML parser"
files = [
    {file = "tomli-2.0.1-py3-none-any.whl", hash = "sha256:939de3e7a6161af0c887ef91b7d41a53e7c5a1ca976325f429cb46ea9bc30ecc"},
    {file = "tomli-2.0.1.tar.gz", hash = "sha256:de526c12914f0c550d15924c62d72abc48d6fe7364aa87328337a31007fe8a4f"},
]

[[package]]
name = "typing-extensions"
version = "4.9.0"
requires_python = ">=3.8"
summary = "Backported and Experimental Type Hints for Python 3.8+"
files = [
    {file = "typing_extensions-4.9.0-py3-none-any.whl", hash = "sha256:af72aea155e91adfc61c3ae9e0e342dbc0cba726d6cba4b6c72c1f34e47291cd"},
    {file = "typing_extensions-4.9.0.tar.gz", hash = "sha256:23478f88c37f27d76ac8aee6c905017a143b0b1b886c3c9f66bc2fd94f9f5783"},
]

[[package]]
name = "wasmtime"
version = "15.0.0"
requires_python = ">=3.8"
summary = "A WebAssembly runtime powered by Wasmtime"
files = [
    {file = "wasmtime-15.0.0-py3-none-any.whl", hash = "sha256:24de208dccea948e924b6af23c2b659f08bdd58e4ef5b549e2913a022cef2e50"},
    {file = "wasmtime-15.0.0-py3-none-macosx_10_13_x86_64.whl", hash = "sha256:137f6880a2a7eeec89ac98b46ef5e7e6082154cbd509926ec80d45a558432a24"},
    {file = "wasmtime-15.0.0-py3-none-macosx_11_0_arm64.whl", hash = "sha256:4bfd230624b3972b869b3fae57c605556c00b1acdb18f3d60b5a21dcac5f1670"},
    {file = "wasmtime-15.0.0-py3-none-manylinux1_x86_64.whl", hash = "sha256:79a416bd65468027842a15d21b78b4aa94ecca8281ae9a8d299a7860710882df"},
    {file = "wasmtime-15.0.0-py3-none-manylinux2014_aarch64.whl", hash = "sha256:f74bd2af9dc7af37efae6efd1153377de6f9c43e88728448334eb6b5950718f5"},
    {file = "wasmtime-15.0.0-py3-none-win_amd64.whl", hash = "sha256:fcad612253877a432c8f3c31c35adb521c59315fe6df0a7d7eb9b26a95f588b2"},
]

[[package]]
name = "yowasp-runtime"
version = "1.46"
requires_python = "~=3.8"
summary = "Common runtime for YoWASP packages"
dependencies = [
    "importlib-resources; python_version < \"3.9\"",
    "platformdirs~=3.0",
    "wasmtime<16,>=1.0",
]
files = [
    {file = "yowasp_runtime-1.46-py3-none-any.whl", hash = "sha256:cbfbb0a77d2c82c8ae7381becda9691e19126ce65102778396826a50d5a4d4e8"},
]

[[package]]
name = "zipp"
version = "3.17.0"
requires_python = ">=3.8"
summary = "Backport of pathlib-compatible object wrapper for zip files"
files = [
    {file = "zipp-3.17.0-py3-none-any.whl", hash = "sha256:0e923e726174922dce09c53c59ad483ff7bbb8e572e00c7f7c46b88556409f31"},
    {file = "zipp-3.17.0.tar.gz", hash = "sha256:84e64a1c28cf7e91ed2078bb8cc8c259cb19b76942096c8d7b84947690cabaf0"},
]
